
Microsoft Visual Studio Solution File, Format Version 12.00
# Visual Studio Version 17
VisualStudioVersion = 17.14.36623.8 d17.14
MinimumVisualStudioVersion = 10.0.40219.1
Project("{FAE04EC0-301F-11D3-BF4B-00C04F79EFBC}") = "ApiHospital", "ApiHospital.csproj", "{6BC798DA-5B01-9CDC-CF44-8D6287CFE1EA}"
EndProject
Global
	GlobalSection(SolutionConfigurationPlatforms) = preSolution
		Debug|Any CPU = Debug|Any CPU
		Release|Any CPU = Release|Any CPU
	EndGlobalSection
	GlobalSection(ProjectConfigurationPlatforms) = postSolution
		{6BC798DA-5B01-9CDC-CF44-8D6287CFE1EA}.Debug|Any CPU.ActiveCfg = Debug|Any CPU
		{6BC798DA-5B01-9CDC-CF44-8D6287CFE1EA}.Debug|Any CPU.Build.0 = Debug|Any CPU
		{6BC798DA-5B01-9CDC-CF44-8D6287CFE1EA}.Release|Any CPU.ActiveCfg = Release|Any CPU
		{6BC798DA-5B01-9CDC-CF44-8D6287CFE1EA}.Release|Any CPU.Build.0 = Release|Any CPU
	EndGlobalSection
	GlobalSection(SolutionProperties) = preSolution
		HideSolutionNode = FALSE
	EndGlobalSection
	GlobalSection(ExtensibilityGlobals) = postSolution
		SolutionGuid = {E1D36079-6B2B-402F-BD54-575BAF3FEEF1}
	EndGlobalSection
EndGlobal
